// !$*UTF8*$!
{
	archiveVersion = 1;
	classes = {
	};
	objectVersion = 77;
	objects = {

/* Begin PBXBuildFile section */
		5413F49B2DDFCDCB00BBB110 /* FirebaseAnalytics in Frameworks */ = {isa = PBXBuildFile; productRef = 5413F49A2DDFCDCB00BBB110 /* FirebaseAnalytics */; };
		5413F4A12DDFD09200BBB110 /* GoogleService-Info.plist in Resources */ = {isa = PBXBuildFile; fileRef = 5413F4A02DDFD09200BBB110 /* GoogleService-Info.plist */; };
		5413F4A22DDFD09200BBB110 /* GoogleService-Info.plist in Resources */ = {isa = PBXBuildFile; fileRef = 5413F4A02DDFD09200BBB110 /* GoogleService-Info.plist */; };
		5413F4A32DDFD09200BBB110 /* GoogleService-Info.plist in Resources */ = {isa = PBXBuildFile; fileRef = 5413F4A02DDFD09200BBB110 /* GoogleService-Info.plist */; };
		5449AD402DDEEC2800B2AA9C /* Route.swift in Sources */ = {isa = PBXBuildFile; fileRef = 5449AD3F2DDEEC2800B2AA9C /* Route.swift */; };
		5449AD412DDEEC2800B2AA9C /* Route.swift in Sources */ = {isa = PBXBuildFile; fileRef = 5449AD3F2DDEEC2800B2AA9C /* Route.swift */; };
		5449AD422DDEEC2800B2AA9C /* Route.swift in Sources */ = {isa = PBXBuildFile; fileRef = 5449AD3F2DDEEC2800B2AA9C /* Route.swift */; };
		5449AD492DDF020F00B2AA9C /* AuthService.swift in Sources */ = {isa = PBXBuildFile; fileRef = 5449AD482DDF020F00B2AA9C /* AuthService.swift */; };
		5449AD4A2DDF020F00B2AA9C /* AuthService.swift in Sources */ = {isa = PBXBuildFile; fileRef = 5449AD482DDF020F00B2AA9C /* AuthService.swift */; };
		5449AD4B2DDF020F00B2AA9C /* AuthService.swift in Sources */ = {isa = PBXBuildFile; fileRef = 5449AD482DDF020F00B2AA9C /* AuthService.swift */; };
		5449AD4D2DDF022100B2AA9C /* DataService.swift in Sources */ = {isa = PBXBuildFile; fileRef = 5449AD4C2DDF022100B2AA9C /* DataService.swift */; };
		5449AD4E2DDF022100B2AA9C /* DataService.swift in Sources */ = {isa = PBXBuildFile; fileRef = 5449AD4C2DDF022100B2AA9C /* DataService.swift */; };
		5449AD4F2DDF022100B2AA9C /* DataService.swift in Sources */ = {isa = PBXBuildFile; fileRef = 5449AD4C2DDF022100B2AA9C /* DataService.swift */; };
		5449AD652DDF04D200B2AA9C /* User.swift in Sources */ = {isa = PBXBuildFile; fileRef = 5449AD642DDF04D200B2AA9C /* User.swift */; };
		5449AD662DDF04D200B2AA9C /* User.swift in Sources */ = {isa = PBXBuildFile; fileRef = 5449AD642DDF04D200B2AA9C /* User.swift */; };
		5449AD672DDF04D200B2AA9C /* User.swift in Sources */ = {isa = PBXBuildFile; fileRef = 5449AD642DDF04D200B2AA9C /* User.swift */; };
		5449AD6A2DDF082200B2AA9C /* FirebaseAI in Frameworks */ = {isa = PBXBuildFile; productRef = 5449AD692DDF082200B2AA9C /* FirebaseAI */; };
		5449AD6C2DDF082200B2AA9C /* FirebaseAuth in Frameworks */ = {isa = PBXBuildFile; productRef = 5449AD6B2DDF082200B2AA9C /* FirebaseAuth */; };
		5449AD6E2DDF082200B2AA9C /* FirebaseCore in Frameworks */ = {isa = PBXBuildFile; productRef = 5449AD6D2DDF082200B2AA9C /* FirebaseCore */; };
		5449AD702DDF082200B2AA9C /* FirebaseDatabase in Frameworks */ = {isa = PBXBuildFile; productRef = 5449AD6F2DDF082200B2AA9C /* FirebaseDatabase */; };
		5449AD722DDF082200B2AA9C /* FirebaseFirestore in Frameworks */ = {isa = PBXBuildFile; productRef = 5449AD712DDF082200B2AA9C /* FirebaseFirestore */; };
		5449AD742DDF082200B2AA9C /* FirebaseFirestoreCombine-Community in Frameworks */ = {isa = PBXBuildFile; productRef = 5449AD732DDF082200B2AA9C /* FirebaseFirestoreCombine-Community */; };
		5449AD762DDF082200B2AA9C /* FirebaseFunctions in Frameworks */ = {isa = PBXBuildFile; productRef = 5449AD752DDF082200B2AA9C /* FirebaseFunctions */; };
		5449AD782DDF082200B2AA9C /* FirebaseVertexAI in Frameworks */ = {isa = PBXBuildFile; productRef = 5449AD772DDF082200B2AA9C /* FirebaseVertexAI */; };
		5449AD7B2DDF0AED00B2AA9C /* Note.swift in Sources */ = {isa = PBXBuildFile; fileRef = 5449AD7A2DDF0AED00B2AA9C /* Note.swift */; };
		5449AD7C2DDF0AED00B2AA9C /* Note.swift in Sources */ = {isa = PBXBuildFile; fileRef = 5449AD7A2DDF0AED00B2AA9C /* Note.swift */; };
		5449AD7D2DDF0AED00B2AA9C /* Note.swift in Sources */ = {isa = PBXBuildFile; fileRef = 5449AD7A2DDF0AED00B2AA9C /* Note.swift */; };
		5449AD7F2DDF0B1A00B2AA9C /* SocialPost.swift in Sources */ = {isa = PBXBuildFile; fileRef = 5449AD7E2DDF0B1A00B2AA9C /* SocialPost.swift */; };
		5449AD802DDF0B1A00B2AA9C /* SocialPost.swift in Sources */ = {isa = PBXBuildFile; fileRef = 5449AD7E2DDF0B1A00B2AA9C /* SocialPost.swift */; };
		5449AD812DDF0B1A00B2AA9C /* SocialPost.swift in Sources */ = {isa = PBXBuildFile; fileRef = 5449AD7E2DDF0B1A00B2AA9C /* SocialPost.swift */; };
		5449AD832DDF0B3D00B2AA9C /* PhotoClassification.swift in Sources */ = {isa = PBXBuildFile; fileRef = 5449AD822DDF0B3D00B2AA9C /* PhotoClassification.swift */; };
		5449AD842DDF0B3D00B2AA9C /* PhotoClassification.swift in Sources */ = {isa = PBXBuildFile; fileRef = 5449AD822DDF0B3D00B2AA9C /* PhotoClassification.swift */; };
		5449AD852DDF0B3D00B2AA9C /* PhotoClassification.swift in Sources */ = {isa = PBXBuildFile; fileRef = 5449AD822DDF0B3D00B2AA9C /* PhotoClassification.swift */; };
		5449AD902DDF0D6C00B2AA9C /* GoogleSignIn in Frameworks */ = {isa = PBXBuildFile; productRef = 5449AD8F2DDF0D6C00B2AA9C /* GoogleSignIn */; };
		5449AD922DDF0D6C00B2AA9C /* GoogleSignInSwift in Frameworks */ = {isa = PBXBuildFile; productRef = 5449AD912DDF0D6C00B2AA9C /* GoogleSignInSwift */; };
		544A070F2DDD5A940052AD62 /* IntelliCampusApp.swift in Sources */ = {isa = PBXBuildFile; fileRef = 544A070D2DDD5A940052AD62 /* IntelliCampusApp.swift */; };
		544A07102DDD5A940052AD62 /* Coordinator.swift in Sources */ = {isa = PBXBuildFile; fileRef = 544A070C2DDD5A940052AD62 /* Coordinator.swift */; };
		544A07112DDD5A940052AD62 /* IntelliCampusApp.swift in Sources */ = {isa = PBXBuildFile; fileRef = 544A070D2DDD5A940052AD62 /* IntelliCampusApp.swift */; };
		544A07122DDD5A940052AD62 /* Coordinator.swift in Sources */ = {isa = PBXBuildFile; fileRef = 544A070C2DDD5A940052AD62 /* Coordinator.swift */; };
		544A07132DDD5A940052AD62 /* IntelliCampusApp.swift in Sources */ = {isa = PBXBuildFile; fileRef = 544A070D2DDD5A940052AD62 /* IntelliCampusApp.swift */; };
		544A07142DDD5A940052AD62 /* Coordinator.swift in Sources */ = {isa = PBXBuildFile; fileRef = 544A070C2DDD5A940052AD62 /* Coordinator.swift */; };
		544A07242DDD5B720052AD62 /* AppCoordinator.swift in Sources */ = {isa = PBXBuildFile; fileRef = 544A07232DDD5B720052AD62 /* AppCoordinator.swift */; };
		544A07252DDD5B720052AD62 /* AppCoordinator.swift in Sources */ = {isa = PBXBuildFile; fileRef = 544A07232DDD5B720052AD62 /* AppCoordinator.swift */; };
		544A07262DDD5B720052AD62 /* AppCoordinator.swift in Sources */ = {isa = PBXBuildFile; fileRef = 544A07232DDD5B720052AD62 /* AppCoordinator.swift */; };
		544A072C2DDD5C600052AD62 /* HabitListViewModel.swift in Sources */ = {isa = PBXBuildFile; fileRef = 544A072B2DDD5C600052AD62 /* HabitListViewModel.swift */; };
		544A072D2DDD5C600052AD62 /* HabitListViewModel.swift in Sources */ = {isa = PBXBuildFile; fileRef = 544A072B2DDD5C600052AD62 /* HabitListViewModel.swift */; };
		544A072E2DDD5C600052AD62 /* HabitListViewModel.swift in Sources */ = {isa = PBXBuildFile; fileRef = 544A072B2DDD5C600052AD62 /* HabitListViewModel.swift */; };
		544A07302DDD5C730052AD62 /* HabitListView.swift in Sources */ = {isa = PBXBuildFile; fileRef = 544A072F2DDD5C730052AD62 /* HabitListView.swift */; };
		544A07312DDD5C730052AD62 /* HabitListView.swift in Sources */ = {isa = PBXBuildFile; fileRef = 544A072F2DDD5C730052AD62 /* HabitListView.swift */; };
		544A07322DDD5C730052AD62 /* HabitListView.swift in Sources */ = {isa = PBXBuildFile; fileRef = 544A072F2DDD5C730052AD62 /* HabitListView.swift */; };
		544A07512DDD61070052AD62 /* TutorialCatalogViewModel.swift in Sources */ = {isa = PBXBuildFile; fileRef = 544A07502DDD61070052AD62 /* TutorialCatalogViewModel.swift */; };
		544A07522DDD61070052AD62 /* TutorialCatalogViewModel.swift in Sources */ = {isa = PBXBuildFile; fileRef = 544A07502DDD61070052AD62 /* TutorialCatalogViewModel.swift */; };
		544A07532DDD61070052AD62 /* TutorialCatalogViewModel.swift in Sources */ = {isa = PBXBuildFile; fileRef = 544A07502DDD61070052AD62 /* TutorialCatalogViewModel.swift */; };
		544A07552DDD61290052AD62 /* TutorialCatalogView.swift in Sources */ = {isa = PBXBuildFile; fileRef = 544A07542DDD61290052AD62 /* TutorialCatalogView.swift */; };
		544A07562DDD61290052AD62 /* TutorialCatalogView.swift in Sources */ = {isa = PBXBuildFile; fileRef = 544A07542DDD61290052AD62 /* TutorialCatalogView.swift */; };
		544A07572DDD61290052AD62 /* TutorialCatalogView.swift in Sources */ = {isa = PBXBuildFile; fileRef = 544A07542DDD61290052AD62 /* TutorialCatalogView.swift */; };
		544A075D2DDD61990052AD62 /* TutorialDetailViewModel.swift in Sources */ = {isa = PBXBuildFile; fileRef = 544A075C2DDD61990052AD62 /* TutorialDetailViewModel.swift */; };
		544A075E2DDD61990052AD62 /* TutorialDetailViewModel.swift in Sources */ = {isa = PBXBuildFile; fileRef = 544A075C2DDD61990052AD62 /* TutorialDetailViewModel.swift */; };
		544A075F2DDD61990052AD62 /* TutorialDetailViewModel.swift in Sources */ = {isa = PBXBuildFile; fileRef = 544A075C2DDD61990052AD62 /* TutorialDetailViewModel.swift */; };
		544A07612DDD61D10052AD62 /* TutorialDetailView.swift in Sources */ = {isa = PBXBuildFile; fileRef = 544A07602DDD61D10052AD62 /* TutorialDetailView.swift */; };
		544A07622DDD61D10052AD62 /* TutorialDetailView.swift in Sources */ = {isa = PBXBuildFile; fileRef = 544A07602DDD61D10052AD62 /* TutorialDetailView.swift */; };
		544A07632DDD61D10052AD62 /* TutorialDetailView.swift in Sources */ = {isa = PBXBuildFile; fileRef = 544A07602DDD61D10052AD62 /* TutorialDetailView.swift */; };
		544A07652DDD62F20052AD62 /* Habit.swift in Sources */ = {isa = PBXBuildFile; fileRef = 544A07642DDD62F20052AD62 /* Habit.swift */; };
		544A07662DDD62F20052AD62 /* Habit.swift in Sources */ = {isa = PBXBuildFile; fileRef = 544A07642DDD62F20052AD62 /* Habit.swift */; };
		544A07672DDD62F20052AD62 /* Habit.swift in Sources */ = {isa = PBXBuildFile; fileRef = 544A07642DDD62F20052AD62 /* Habit.swift */; };
		544A07692DDD631B0052AD62 /* Tutorial.swift in Sources */ = {isa = PBXBuildFile; fileRef = 544A07682DDD631B0052AD62 /* Tutorial.swift */; };
		544A076A2DDD631B0052AD62 /* Tutorial.swift in Sources */ = {isa = PBXBuildFile; fileRef = 544A07682DDD631B0052AD62 /* Tutorial.swift */; };
		544A076B2DDD631B0052AD62 /* Tutorial.swift in Sources */ = {isa = PBXBuildFile; fileRef = 544A07682DDD631B0052AD62 /* Tutorial.swift */; };
		544A076D2DDD63470052AD62 /* HabitService.swift in Sources */ = {isa = PBXBuildFile; fileRef = 544A076C2DDD63470052AD62 /* HabitService.swift */; };
		544A076E2DDD63470052AD62 /* HabitService.swift in Sources */ = {isa = PBXBuildFile; fileRef = 544A076C2DDD63470052AD62 /* HabitService.swift */; };
		544A076F2DDD63470052AD62 /* HabitService.swift in Sources */ = {isa = PBXBuildFile; fileRef = 544A076C2DDD63470052AD62 /* HabitService.swift */; };
		544A07712DDD63780052AD62 /* TutorialService.swift in Sources */ = {isa = PBXBuildFile; fileRef = 544A07702DDD63780052AD62 /* TutorialService.swift */; };
		544A07722DDD63780052AD62 /* TutorialService.swift in Sources */ = {isa = PBXBuildFile; fileRef = 544A07702DDD63780052AD62 /* TutorialService.swift */; };
		544A07732DDD63780052AD62 /* TutorialService.swift in Sources */ = {isa = PBXBuildFile; fileRef = 544A07702DDD63780052AD62 /* TutorialService.swift */; };
/* End PBXBuildFile section */

/* Begin PBXContainerItemProxy section */
		544A06F02DDD5A380052AD62 /* PBXContainerItemProxy */ = {
			isa = PBXContainerItemProxy;
			containerPortal = 544A06DA2DDD5A360052AD62 /* Project object */;
			proxyType = 1;
			remoteGlobalIDString = 544A06E12DDD5A360052AD62;
			remoteInfo = IntelliCampus;
		};
		544A06FA2DDD5A380052AD62 /* PBXContainerItemProxy */ = {
			isa = PBXContainerItemProxy;
			containerPortal = 544A06DA2DDD5A360052AD62 /* Project object */;
			proxyType = 1;
			remoteGlobalIDString = 544A06E12DDD5A360052AD62;
			remoteInfo = IntelliCampus;
		};
/* End PBXContainerItemProxy section */

/* Begin PBXFileReference section */
		5413F4A02DDFD09200BBB110 /* GoogleService-Info.plist */ = {isa = PBXFileReference; lastKnownFileType = text.plist.xml; path = "GoogleService-Info.plist"; sourceTree = "<group>"; };
		5449AD3F2DDEEC2800B2AA9C /* Route.swift */ = {isa = PBXFileReference; lastKnownFileType = sourcecode.swift; path = Route.swift; sourceTree = "<group>"; };
		5449AD482DDF020F00B2AA9C /* AuthService.swift */ = {isa = PBXFileReference; lastKnownFileType = sourcecode.swift; path = AuthService.swift; sourceTree = "<group>"; };
		5449AD4C2DDF022100B2AA9C /* DataService.swift */ = {isa = PBXFileReference; lastKnownFileType = sourcecode.swift; path = DataService.swift; sourceTree = "<group>"; };
		5449AD642DDF04D200B2AA9C /* User.swift */ = {isa = PBXFileReference; lastKnownFileType = sourcecode.swift; path = User.swift; sourceTree = "<group>"; };
		5449AD7A2DDF0AED00B2AA9C /* Note.swift */ = {isa = PBXFileReference; lastKnownFileType = sourcecode.swift; path = Note.swift; sourceTree = "<group>"; };
		5449AD7E2DDF0B1A00B2AA9C /* SocialPost.swift */ = {isa = PBXFileReference; lastKnownFileType = sourcecode.swift; path = SocialPost.swift; sourceTree = "<group>"; };
		5449AD822DDF0B3D00B2AA9C /* PhotoClassification.swift */ = {isa = PBXFileReference; lastKnownFileType = sourcecode.swift; path = PhotoClassification.swift; sourceTree = "<group>"; };
		544A06E22DDD5A360052AD62 /* IntelliCampus.app */ = {isa = PBXFileReference; explicitFileType = wrapper.application; includeInIndex = 0; path = IntelliCampus.app; sourceTree = BUILT_PRODUCTS_DIR; };
		544A06EF2DDD5A380052AD62 /* IntelliCampusTests.xctest */ = {isa = PBXFileReference; explicitFileType = wrapper.cfbundle; includeInIndex = 0; path = IntelliCampusTests.xctest; sourceTree = BUILT_PRODUCTS_DIR; };
		544A06F92DDD5A380052AD62 /* IntelliCampusUITests.xctest */ = {isa = PBXFileReference; explicitFileType = wrapper.cfbundle; includeInIndex = 0; path = IntelliCampusUITests.xctest; sourceTree = BUILT_PRODUCTS_DIR; };
		544A070C2DDD5A940052AD62 /* Coordinator.swift */ = {isa = PBXFileReference; lastKnownFileType = sourcecode.swift; path = Coordinator.swift; sourceTree = "<group>"; };
		544A070D2DDD5A940052AD62 /* IntelliCampusApp.swift */ = {isa = PBXFileReference; lastKnownFileType = sourcecode.swift; path = IntelliCampusApp.swift; sourceTree = "<group>"; };
		544A07232DDD5B720052AD62 /* AppCoordinator.swift */ = {isa = PBXFileReference; lastKnownFileType = sourcecode.swift; path = AppCoordinator.swift; sourceTree = "<group>"; };
		544A072B2DDD5C600052AD62 /* HabitListViewModel.swift */ = {isa = PBXFileReference; lastKnownFileType = sourcecode.swift; path = HabitListViewModel.swift; sourceTree = "<group>"; };
		544A072F2DDD5C730052AD62 /* HabitListView.swift */ = {isa = PBXFileReference; lastKnownFileType = sourcecode.swift; path = HabitListView.swift; sourceTree = "<group>"; };
		544A07502DDD61070052AD62 /* TutorialCatalogViewModel.swift */ = {isa = PBXFileReference; lastKnownFileType = sourcecode.swift; path = TutorialCatalogViewModel.swift; sourceTree = "<group>"; };
		544A07542DDD61290052AD62 /* TutorialCatalogView.swift */ = {isa = PBXFileReference; lastKnownFileType = sourcecode.swift; path = TutorialCatalogView.swift; sourceTree = "<group>"; };
		544A075C2DDD61990052AD62 /* TutorialDetailViewModel.swift */ = {isa = PBXFileReference; lastKnownFileType = sourcecode.swift; path = TutorialDetailViewModel.swift; sourceTree = "<group>"; };
		544A07602DDD61D10052AD62 /* TutorialDetailView.swift */ = {isa = PBXFileReference; lastKnownFileType = sourcecode.swift; path = TutorialDetailView.swift; sourceTree = "<group>"; };
		544A07642DDD62F20052AD62 /* Habit.swift */ = {isa = PBXFileReference; lastKnownFileType = sourcecode.swift; path = Habit.swift; sourceTree = "<group>"; };
		544A07682DDD631B0052AD62 /* Tutorial.swift */ = {isa = PBXFileReference; lastKnownFileType = sourcecode.swift; path = Tutorial.swift; sourceTree = "<group>"; };
		544A076C2DDD63470052AD62 /* HabitService.swift */ = {isa = PBXFileReference; lastKnownFileType = sourcecode.swift; path = HabitService.swift; sourceTree = "<group>"; };
		544A07702DDD63780052AD62 /* TutorialService.swift */ = {isa = PBXFileReference; lastKnownFileType = sourcecode.swift; path = TutorialService.swift; sourceTree = "<group>"; };
/* End PBXFileReference section */

/* Begin PBXFileSystemSynchronizedBuildFileExceptionSet section */
		5413F4A52DDFF4A800BBB110 /* Exceptions for "IntelliCampus" folder in "IntelliCampus" target */ = {
			isa = PBXFileSystemSynchronizedBuildFileExceptionSet;
			membershipExceptions = (
				Info.plist,
			);
			target = 544A06E12DDD5A360052AD62 /* IntelliCampus */;
		};
/* End PBXFileSystemSynchronizedBuildFileExceptionSet section */

/* Begin PBXFileSystemSynchronizedRootGroup section */
		5449AD472DDF01CC00B2AA9C /* Auth */ = {
			isa = PBXFileSystemSynchronizedRootGroup;
			path = Auth;
			sourceTree = "<group>";
		};
		544A06E42DDD5A360052AD62 /* IntelliCampus */ = {
			isa = PBXFileSystemSynchronizedRootGroup;
			exceptions = (
				5413F4A52DDFF4A800BBB110 /* Exceptions for "IntelliCampus" folder in "IntelliCampus" target */,
			);
			path = IntelliCampus;
			sourceTree = "<group>";
		};
		544A06F22DDD5A380052AD62 /* IntelliCampusTests */ = {
			isa = PBXFileSystemSynchronizedRootGroup;
			path = IntelliCampusTests;
			sourceTree = "<group>";
		};
		544A06FC2DDD5A380052AD62 /* IntelliCampusUITests */ = {
			isa = PBXFileSystemSynchronizedRootGroup;
			path = IntelliCampusUITests;
			sourceTree = "<group>";
		};
		544A07372DDD5F350052AD62 /* Home */ = {
			isa = PBXFileSystemSynchronizedRootGroup;
			path = Home;
			sourceTree = "<group>";
		};
/* End PBXFileSystemSynchronizedRootGroup section */

/* Begin PBXFrameworksBuildPhase section */
		544A06DF2DDD5A360052AD62 /* Frameworks */ = {
			isa = PBXFrameworksBuildPhase;
			buildActionMask = 2147483647;
			files = (
				5449AD6A2DDF082200B2AA9C /* FirebaseAI in Frameworks */,
				5449AD782DDF082200B2AA9C /* FirebaseVertexAI in Frameworks */,
				5449AD762DDF082200B2AA9C /* FirebaseFunctions in Frameworks */,
				5449AD6E2DDF082200B2AA9C /* FirebaseCore in Frameworks */,
				5449AD702DDF082200B2AA9C /* FirebaseDatabase in Frameworks */,
				5449AD922DDF0D6C00B2AA9C /* GoogleSignInSwift in Frameworks */,
				5413F49B2DDFCDCB00BBB110 /* FirebaseAnalytics in Frameworks */,
				5449AD742DDF082200B2AA9C /* FirebaseFirestoreCombine-Community in Frameworks */,
				5449AD722DDF082200B2AA9C /* FirebaseFirestore in Frameworks */,
				5449AD6C2DDF082200B2AA9C /* FirebaseAuth in Frameworks */,
				5449AD902DDF0D6C00B2AA9C /* GoogleSignIn in Frameworks */,
			);
			runOnlyForDeploymentPostprocessing = 0;
		};
		544A06EC2DDD5A380052AD62 /* Frameworks */ = {
			isa = PBXFrameworksBuildPhase;
			buildActionMask = 2147483647;
			files = (
			);
			runOnlyForDeploymentPostprocessing = 0;
		};
		544A06F62DDD5A380052AD62 /* Frameworks */ = {
			isa = PBXFrameworksBuildPhase;
			buildActionMask = 2147483647;
			files = (
			);
			runOnlyForDeploymentPostprocessing = 0;
		};
/* End PBXFrameworksBuildPhase section */

/* Begin PBXGroup section */
		5449AD792DDF096E00B2AA9C /* Frameworks */ = {
			isa = PBXGroup;
			children = (
			);
			name = Frameworks;
			sourceTree = "<group>";
		};
		544A06D92DDD5A360052AD62 = {
			isa = PBXGroup;
			children = (
				544A07222DDD5ABD0052AD62 /* Resources */,
				544A07212DDD5AAF0052AD62 /* Features */,
				544A07182DDD5AA30052AD62 /* Core */,
				544A070E2DDD5A940052AD62 /* App */,
				544A06E42DDD5A360052AD62 /* IntelliCampus */,
				544A06F22DDD5A380052AD62 /* IntelliCampusTests */,
				544A06FC2DDD5A380052AD62 /* IntelliCampusUITests */,
				5449AD792DDF096E00B2AA9C /* Frameworks */,
				544A06E32DDD5A360052AD62 /* Products */,
			);
			sourceTree = "<group>";
		};
		544A06E32DDD5A360052AD62 /* Products */ = {
			isa = PBXGroup;
			children = (
				544A06E22DDD5A360052AD62 /* IntelliCampus.app */,
				544A06EF2DDD5A380052AD62 /* IntelliCampusTests.xctest */,
				544A06F92DDD5A380052AD62 /* IntelliCampusUITests.xctest */,
			);
			name = Products;
			sourceTree = "<group>";
		};
		544A070E2DDD5A940052AD62 /* App */ = {
			isa = PBXGroup;
			children = (
				544A070C2DDD5A940052AD62 /* Coordinator.swift */,
				544A07232DDD5B720052AD62 /* AppCoordinator.swift */,
				544A070D2DDD5A940052AD62 /* IntelliCampusApp.swift */,
				5449AD3F2DDEEC2800B2AA9C /* Route.swift */,
			);
			path = App;
			sourceTree = "<group>";
		};
		544A07152DDD5AA30052AD62 /* Models */ = {
			isa = PBXGroup;
			children = (
				544A07642DDD62F20052AD62 /* Habit.swift */,
				5449AD642DDF04D200B2AA9C /* User.swift */,
				544A07682DDD631B0052AD62 /* Tutorial.swift */,
				5449AD7A2DDF0AED00B2AA9C /* Note.swift */,
				5449AD7E2DDF0B1A00B2AA9C /* SocialPost.swift */,
				5449AD822DDF0B3D00B2AA9C /* PhotoClassification.swift */,
			);
			path = Models;
			sourceTree = "<group>";
		};
		544A07162DDD5AA30052AD62 /* Services */ = {
			isa = PBXGroup;
			children = (
				544A076C2DDD63470052AD62 /* HabitService.swift */,
				544A07702DDD63780052AD62 /* TutorialService.swift */,
				5449AD482DDF020F00B2AA9C /* AuthService.swift */,
				5449AD4C2DDF022100B2AA9C /* DataService.swift */,
			);
			path = Services;
			sourceTree = "<group>";
		};
		544A07172DDD5AA30052AD62 /* Utilities */ = {
			isa = PBXGroup;
			children = (
			);
			path = Utilities;
			sourceTree = "<group>";
		};
		544A07182DDD5AA30052AD62 /* Core */ = {
			isa = PBXGroup;
			children = (
				544A07152DDD5AA30052AD62 /* Models */,
				544A07162DDD5AA30052AD62 /* Services */,
				544A07172DDD5AA30052AD62 /* Utilities */,
			);
			path = Core;
			sourceTree = "<group>";
		};
		544A07192DDD5AAF0052AD62 /* ARCampus */ = {
			isa = PBXGroup;
			children = (
			);
			path = ARCampus;
			sourceTree = "<group>";
		};
		544A071A2DDD5AAF0052AD62 /* HabitTracker */ = {
			isa = PBXGroup;
			children = (
				544A072B2DDD5C600052AD62 /* HabitListViewModel.swift */,
				544A072F2DDD5C730052AD62 /* HabitListView.swift */,
			);
			path = HabitTracker;
			sourceTree = "<group>";
		};
		544A071B2DDD5AAF0052AD62 /* NotesCollab */ = {
			isa = PBXGroup;
			children = (
			);
			path = NotesCollab;
			sourceTree = "<group>";
		};
		544A071C2DDD5AAF0052AD62 /* PhotoClassifier */ = {
			isa = PBXGroup;
			children = (
			);
			path = PhotoClassifier;
			sourceTree = "<group>";
		};
		544A071D2DDD5AAF0052AD62 /* SocialFeed */ = {
			isa = PBXGroup;
			children = (
			);
			path = SocialFeed;
			sourceTree = "<group>";
		};
		544A07202DDD5AAF0052AD62 /* Tutorials */ = {
			isa = PBXGroup;
			children = (
				544A07502DDD61070052AD62 /* TutorialCatalogViewModel.swift */,
				544A07542DDD61290052AD62 /* TutorialCatalogView.swift */,
				544A075C2DDD61990052AD62 /* TutorialDetailViewModel.swift */,
				544A07602DDD61D10052AD62 /* TutorialDetailView.swift */,
			);
			path = Tutorials;
			sourceTree = "<group>";
		};
		544A07212DDD5AAF0052AD62 /* Features */ = {
			isa = PBXGroup;
			children = (
				5449AD472DDF01CC00B2AA9C /* Auth */,
				544A07372DDD5F350052AD62 /* Home */,
				544A07192DDD5AAF0052AD62 /* ARCampus */,
				544A071A2DDD5AAF0052AD62 /* HabitTracker */,
				544A071B2DDD5AAF0052AD62 /* NotesCollab */,
				544A071C2DDD5AAF0052AD62 /* PhotoClassifier */,
				544A071D2DDD5AAF0052AD62 /* SocialFeed */,
				544A07202DDD5AAF0052AD62 /* Tutorials */,
			);
			path = Features;
			sourceTree = "<group>";
		};
		544A07222DDD5ABD0052AD62 /* Resources */ = {
			isa = PBXGroup;
			children = (
				5413F4A02DDFD09200BBB110 /* GoogleService-Info.plist */,
			);
			path = Resources;
			sourceTree = "<group>";
		};
/* End PBXGroup section */

/* Begin PBXNativeTarget section */
		544A06E12DDD5A360052AD62 /* IntelliCampus */ = {
			isa = PBXNativeTarget;
			buildConfigurationList = 544A07032DDD5A380052AD62 /* Build configuration list for PBXNativeTarget "IntelliCampus" */;
			buildPhases = (
				544A06DE2DDD5A360052AD62 /* Sources */,
				544A06DF2DDD5A360052AD62 /* Frameworks */,
				544A06E02DDD5A360052AD62 /* Resources */,
			);
			buildRules = (
			);
			dependencies = (
			);
			fileSystemSynchronizedGroups = (
				5449AD472DDF01CC00B2AA9C /* Auth */,
				544A06E42DDD5A360052AD62 /* IntelliCampus */,
				544A07372DDD5F350052AD62 /* Home */,
			);
			name = IntelliCampus;
			packageProductDependencies = (
				5449AD692DDF082200B2AA9C /* FirebaseAI */,
				5449AD6B2DDF082200B2AA9C /* FirebaseAuth */,
				5449AD6D2DDF082200B2AA9C /* FirebaseCore */,
				5449AD6F2DDF082200B2AA9C /* FirebaseDatabase */,
				5449AD712DDF082200B2AA9C /* FirebaseFirestore */,
				5449AD732DDF082200B2AA9C /* FirebaseFirestoreCombine-Community */,
				5449AD752DDF082200B2AA9C /* FirebaseFunctions */,
				5449AD772DDF082200B2AA9C /* FirebaseVertexAI */,
				5449AD8F2DDF0D6C00B2AA9C /* GoogleSignIn */,
				5449AD912DDF0D6C00B2AA9C /* GoogleSignInSwift */,
				5413F49A2DDFCDCB00BBB110 /* FirebaseAnalytics */,
			);
			productName = IntelliCampus;
			productReference = 544A06E22DDD5A360052AD62 /* IntelliCampus.app */;
			productType = "com.apple.product-type.application";
		};
		544A06EE2DDD5A380052AD62 /* IntelliCampusTests */ = {
			isa = PBXNativeTarget;
			buildConfigurationList = 544A07062DDD5A380052AD62 /* Build configuration list for PBXNativeTarget "IntelliCampusTests" */;
			buildPhases = (
				544A06EB2DDD5A380052AD62 /* Sources */,
				544A06EC2DDD5A380052AD62 /* Frameworks */,
				544A06ED2DDD5A380052AD62 /* Resources */,
			);
			buildRules = (
			);
			dependencies = (
				544A06F12DDD5A380052AD62 /* PBXTargetDependency */,
			);
			fileSystemSynchronizedGroups = (
				5449AD472DDF01CC00B2AA9C /* Auth */,
				544A06F22DDD5A380052AD62 /* IntelliCampusTests */,
				544A07372DDD5F350052AD62 /* Home */,
			);
			name = IntelliCampusTests;
			packageProductDependencies = (
			);
			productName = IntelliCampusTests;
			productReference = 544A06EF2DDD5A380052AD62 /* IntelliCampusTests.xctest */;
			productType = "com.apple.product-type.bundle.unit-test";
		};
		544A06F82DDD5A380052AD62 /* IntelliCampusUITests */ = {
			isa = PBXNativeTarget;
			buildConfigurationList = 544A07092DDD5A380052AD62 /* Build configuration list for PBXNativeTarget "IntelliCampusUITests" */;
			buildPhases = (
				544A06F52DDD5A380052AD62 /* Sources */,
				544A06F62DDD5A380052AD62 /* Frameworks */,
				544A06F72DDD5A380052AD62 /* Resources */,
			);
			buildRules = (
			);
			dependencies = (
				544A06FB2DDD5A380052AD62 /* PBXTargetDependency */,
			);
			fileSystemSynchronizedGroups = (
				5449AD472DDF01CC00B2AA9C /* Auth */,
				544A06FC2DDD5A380052AD62 /* IntelliCampusUITests */,
				544A07372DDD5F350052AD62 /* Home */,
			);
			name = IntelliCampusUITests;
			packageProductDependencies = (
			);
			productName = IntelliCampusUITests;
			productReference = 544A06F92DDD5A380052AD62 /* IntelliCampusUITests.xctest */;
			productType = "com.apple.product-type.bundle.ui-testing";
		};
/* End PBXNativeTarget section */

/* Begin PBXProject section */
		544A06DA2DDD5A360052AD62 /* Project object */ = {
			isa = PBXProject;
			attributes = {
				BuildIndependentTargetsInParallel = 1;
				LastSwiftUpdateCheck = 1630;
				LastUpgradeCheck = 1630;
				TargetAttributes = {
					544A06E12DDD5A360052AD62 = {
						CreatedOnToolsVersion = 16.3;
					};
					544A06EE2DDD5A380052AD62 = {
						CreatedOnToolsVersion = 16.3;
						TestTargetID = 544A06E12DDD5A360052AD62;
					};
					544A06F82DDD5A380052AD62 = {
						CreatedOnToolsVersion = 16.3;
						TestTargetID = 544A06E12DDD5A360052AD62;
					};
				};
			};
			buildConfigurationList = 544A06DD2DDD5A360052AD62 /* Build configuration list for PBXProject "IntelliCampus" */;
			developmentRegion = en;
			hasScannedForEncodings = 0;
			knownRegions = (
				en,
				Base,
			);
			mainGroup = 544A06D92DDD5A360052AD62;
			minimizedProjectReferenceProxies = 1;
			packageReferences = (
				5449AD682DDF082200B2AA9C /* XCRemoteSwiftPackageReference "firebase-ios-sdk" */,
				5449AD8E2DDF0D6C00B2AA9C /* XCRemoteSwiftPackageReference "GoogleSignIn-iOS" */,
			);
			preferredProjectObjectVersion = 77;
			productRefGroup = 544A06E32DDD5A360052AD62 /* Products */;
			projectDirPath = "";
			projectRoot = "";
			targets = (
				544A06E12DDD5A360052AD62 /* IntelliCampus */,
				544A06EE2DDD5A380052AD62 /* IntelliCampusTests */,
				544A06F82DDD5A380052AD62 /* IntelliCampusUITests */,
			);
		};
/* End PBXProject section */

/* Begin PBXResourcesBuildPhase section */
		544A06E02DDD5A360052AD62 /* Resources */ = {
			isa = PBXResourcesBuildPhase;
			buildActionMask = 2147483647;
			files = (
				5413F4A12DDFD09200BBB110 /* GoogleService-Info.plist in Resources */,
			);
			runOnlyForDeploymentPostprocessing = 0;
		};
		544A06ED2DDD5A380052AD62 /* Resources */ = {
			isa = PBXResourcesBuildPhase;
			buildActionMask = 2147483647;
			files = (
				5413F4A22DDFD09200BBB110 /* GoogleService-Info.plist in Resources */,
			);
			runOnlyForDeploymentPostprocessing = 0;
		};
		544A06F72DDD5A380052AD62 /* Resources */ = {
			isa = PBXResourcesBuildPhase;
			buildActionMask = 2147483647;
			files = (
				5413F4A32DDFD09200BBB110 /* GoogleService-Info.plist in Resources */,
			);
			runOnlyForDeploymentPostprocessing = 0;
		};
/* End PBXResourcesBuildPhase section */

/* Begin PBXSourcesBuildPhase section */
		544A06DE2DDD5A360052AD62 /* Sources */ = {
			isa = PBXSourcesBuildPhase;
			buildActionMask = 2147483647;
			files = (
				544A070F2DDD5A940052AD62 /* IntelliCampusApp.swift in Sources */,
				544A07512DDD61070052AD62 /* TutorialCatalogViewModel.swift in Sources */,
				5449AD672DDF04D200B2AA9C /* User.swift in Sources */,
				544A076D2DDD63470052AD62 /* HabitService.swift in Sources */,
				5449AD7C2DDF0AED00B2AA9C /* Note.swift in Sources */,
				544A07652DDD62F20052AD62 /* Habit.swift in Sources */,
				544A07262DDD5B720052AD62 /* AppCoordinator.swift in Sources */,
				5449AD852DDF0B3D00B2AA9C /* PhotoClassification.swift in Sources */,
				5449AD492DDF020F00B2AA9C /* AuthService.swift in Sources */,
				544A076A2DDD631B0052AD62 /* Tutorial.swift in Sources */,
				544A072C2DDD5C600052AD62 /* HabitListViewModel.swift in Sources */,
				544A07102DDD5A940052AD62 /* Coordinator.swift in Sources */,
				544A075E2DDD61990052AD62 /* TutorialDetailViewModel.swift in Sources */,
				5449AD422DDEEC2800B2AA9C /* Route.swift in Sources */,
				544A07572DDD61290052AD62 /* TutorialCatalogView.swift in Sources */,
				544A07722DDD63780052AD62 /* TutorialService.swift in Sources */,
				5449AD812DDF0B1A00B2AA9C /* SocialPost.swift in Sources */,
				544A07622DDD61D10052AD62 /* TutorialDetailView.swift in Sources */,
				544A07312DDD5C730052AD62 /* HabitListView.swift in Sources */,
				5449AD4E2DDF022100B2AA9C /* DataService.swift in Sources */,
			);
			runOnlyForDeploymentPostprocessing = 0;
		};
		544A06EB2DDD5A380052AD62 /* Sources */ = {
			isa = PBXSourcesBuildPhase;
			buildActionMask = 2147483647;
			files = (
				544A07252DDD5B720052AD62 /* AppCoordinator.swift in Sources */,
				544A07112DDD5A940052AD62 /* IntelliCampusApp.swift in Sources */,
				544A07532DDD61070052AD62 /* TutorialCatalogViewModel.swift in Sources */,
				5449AD652DDF04D200B2AA9C /* User.swift in Sources */,
				544A076F2DDD63470052AD62 /* HabitService.swift in Sources */,
				5449AD7D2DDF0AED00B2AA9C /* Note.swift in Sources */,
				544A07662DDD62F20052AD62 /* Habit.swift in Sources */,
				544A07122DDD5A940052AD62 /* Coordinator.swift in Sources */,
				5449AD832DDF0B3D00B2AA9C /* PhotoClassification.swift in Sources */,
				5449AD4B2DDF020F00B2AA9C /* AuthService.swift in Sources */,
				544A07692DDD631B0052AD62 /* Tutorial.swift in Sources */,
				544A072E2DDD5C600052AD62 /* HabitListViewModel.swift in Sources */,
				544A075F2DDD61990052AD62 /* TutorialDetailViewModel.swift in Sources */,
				5449AD402DDEEC2800B2AA9C /* Route.swift in Sources */,
				544A07552DDD61290052AD62 /* TutorialCatalogView.swift in Sources */,
				544A07732DDD63780052AD62 /* TutorialService.swift in Sources */,
				5449AD7F2DDF0B1A00B2AA9C /* SocialPost.swift in Sources */,
				544A07612DDD61D10052AD62 /* TutorialDetailView.swift in Sources */,
				544A07302DDD5C730052AD62 /* HabitListView.swift in Sources */,
				5449AD4D2DDF022100B2AA9C /* DataService.swift in Sources */,
			);
			runOnlyForDeploymentPostprocessing = 0;
		};
		544A06F52DDD5A380052AD62 /* Sources */ = {
			isa = PBXSourcesBuildPhase;
			buildActionMask = 2147483647;
			files = (
				5449AD662DDF04D200B2AA9C /* User.swift in Sources */,
				544A07132DDD5A940052AD62 /* IntelliCampusApp.swift in Sources */,
				544A07632DDD61D10052AD62 /* TutorialDetailView.swift in Sources */,
				544A07242DDD5B720052AD62 /* AppCoordinator.swift in Sources */,
				544A07522DDD61070052AD62 /* TutorialCatalogViewModel.swift in Sources */,
				544A07672DDD62F20052AD62 /* Habit.swift in Sources */,
				544A076B2DDD631B0052AD62 /* Tutorial.swift in Sources */,
				5449AD4A2DDF020F00B2AA9C /* AuthService.swift in Sources */,
				5449AD412DDEEC2800B2AA9C /* Route.swift in Sources */,
				544A076E2DDD63470052AD62 /* HabitService.swift in Sources */,
				544A07142DDD5A940052AD62 /* Coordinator.swift in Sources */,
				544A075D2DDD61990052AD62 /* TutorialDetailViewModel.swift in Sources */,
				5449AD802DDF0B1A00B2AA9C /* SocialPost.swift in Sources */,
				544A07562DDD61290052AD62 /* TutorialCatalogView.swift in Sources */,
				5449AD842DDF0B3D00B2AA9C /* PhotoClassification.swift in Sources */,
				5449AD4F2DDF022100B2AA9C /* DataService.swift in Sources */,
				5449AD7B2DDF0AED00B2AA9C /* Note.swift in Sources */,
				544A072D2DDD5C600052AD62 /* HabitListViewModel.swift in Sources */,
				544A07322DDD5C730052AD62 /* HabitListView.swift in Sources */,
				544A07712DDD63780052AD62 /* TutorialService.swift in Sources */,
			);
			runOnlyForDeploymentPostprocessing = 0;
		};
/* End PBXSourcesBuildPhase section */

/* Begin PBXTargetDependency section */
		544A06F12DDD5A380052AD62 /* PBXTargetDependency */ = {
			isa = PBXTargetDependency;
			target = 544A06E12DDD5A360052AD62 /* IntelliCampus */;
			targetProxy = 544A06F02DDD5A380052AD62 /* PBXContainerItemProxy */;
		};
		544A06FB2DDD5A380052AD62 /* PBXTargetDependency */ = {
			isa = PBXTargetDependency;
			target = 544A06E12DDD5A360052AD62 /* IntelliCampus */;
			targetProxy = 544A06FA2DDD5A380052AD62 /* PBXContainerItemProxy */;
		};
/* End PBXTargetDependency section */

/* Begin XCBuildConfiguration section */
		544A07012DDD5A380052AD62 /* Debug */ = {
			isa = XCBuildConfiguration;
			buildSettings = {
				ALWAYS_SEARCH_USER_PATHS = NO;
				ASSETCATALOG_COMPILER_GENERATE_SWIFT_ASSET_SYMBOL_EXTENSIONS = YES;
				CLANG_ANALYZER_NONNULL = YES;
				CLANG_ANALYZER_NUMBER_OBJECT_CONVERSION = YES_AGGRESSIVE;
				CLANG_CXX_LANGUAGE_STANDARD = "gnu++20";
				CLANG_ENABLE_MODULES = YES;
				CLANG_ENABLE_OBJC_ARC = YES;
				CLANG_ENABLE_OBJC_WEAK = YES;
				CLANG_WARN_BLOCK_CAPTURE_AUTORELEASING = YES;
				CLANG_WARN_BOOL_CONVERSION = YES;
				CLANG_WARN_COMMA = YES;
				CLANG_WARN_CONSTANT_CONVERSION = YES;
				CLANG_WARN_DEPRECATED_OBJC_IMPLEMENTATIONS = YES;
				CLANG_WARN_DIRECT_OBJC_ISA_USAGE = YES_ERROR;
				CLANG_WARN_DOCUMENTATION_COMMENTS = YES;
				CLANG_WARN_EMPTY_BODY = YES;
				CLANG_WARN_ENUM_CONVERSION = YES;
				CLANG_WARN_INFINITE_RECURSION = YES;
				CLANG_WARN_INT_CONVERSION = YES;
				CLANG_WARN_NON_LITERAL_NULL_CONVERSION = YES;
				CLANG_WARN_OBJC_IMPLICIT_RETAIN_SELF = YES;
				CLANG_WARN_OBJC_LITERAL_CONVERSION = YES;
				CLANG_WARN_OBJC_ROOT_CLASS = YES_ERROR;
				CLANG_WARN_QUOTED_INCLUDE_IN_FRAMEWORK_HEADER = YES;
				CLANG_WARN_RANGE_LOOP_ANALYSIS = YES;
				CLANG_WARN_STRICT_PROTOTYPES = YES;
				CLANG_WARN_SUSPICIOUS_MOVE = YES;
				CLANG_WARN_UNGUARDED_AVAILABILITY = YES_AGGRESSIVE;
				CLANG_WARN_UNREACHABLE_CODE = YES;
				CLANG_WARN__DUPLICATE_METHOD_MATCH = YES;
				COPY_PHASE_STRIP = NO;
				DEBUG_INFORMATION_FORMAT = dwarf;
				ENABLE_STRICT_OBJC_MSGSEND = YES;
				ENABLE_TESTABILITY = YES;
				ENABLE_USER_SCRIPT_SANDBOXING = YES;
				GCC_C_LANGUAGE_STANDARD = gnu17;
				GCC_DYNAMIC_NO_PIC = NO;
				GCC_NO_COMMON_BLOCKS = YES;
				GCC_OPTIMIZATION_LEVEL = 0;
				GCC_PREPROCESSOR_DEFINITIONS = (
					"DEBUG=1",
					"$(inherited)",
				);
				GCC_WARN_64_TO_32_BIT_CONVERSION = YES;
				GCC_WARN_ABOUT_RETURN_TYPE = YES_ERROR;
				GCC_WARN_UNDECLARED_SELECTOR = YES;
				GCC_WARN_UNINITIALIZED_AUTOS = YES_AGGRESSIVE;
				GCC_WARN_UNUSED_FUNCTION = YES;
				GCC_WARN_UNUSED_VARIABLE = YES;
				IPHONEOS_DEPLOYMENT_TARGET = 18.4;
				LOCALIZATION_PREFERS_STRING_CATALOGS = YES;
				MTL_ENABLE_DEBUG_INFO = INCLUDE_SOURCE;
				MTL_FAST_MATH = YES;
				ONLY_ACTIVE_ARCH = YES;
				SDKROOT = iphoneos;
				SWIFT_ACTIVE_COMPILATION_CONDITIONS = "DEBUG $(inherited)";
				SWIFT_OPTIMIZATION_LEVEL = "-Onone";
			};
			name = Debug;
		};
		544A07022DDD5A380052AD62 /* Release */ = {
			isa = XCBuildConfiguration;
			buildSettings = {
				ALWAYS_SEARCH_USER_PATHS = NO;
				ASSETCATALOG_COMPILER_GENERATE_SWIFT_ASSET_SYMBOL_EXTENSIONS = YES;
				CLANG_ANALYZER_NONNULL = YES;
				CLANG_ANALYZER_NUMBER_OBJECT_CONVERSION = YES_AGGRESSIVE;
				CLANG_CXX_LANGUAGE_STANDARD = "gnu++20";
				CLANG_ENABLE_MODULES = YES;
				CLANG_ENABLE_OBJC_ARC = YES;
				CLANG_ENABLE_OBJC_WEAK = YES;
				CLANG_WARN_BLOCK_CAPTURE_AUTORELEASING = YES;
				CLANG_WARN_BOOL_CONVERSION = YES;
				CLANG_WARN_COMMA = YES;
				CLANG_WARN_CONSTANT_CONVERSION = YES;
				CLANG_WARN_DEPRECATED_OBJC_IMPLEMENTATIONS = YES;
				CLANG_WARN_DIRECT_OBJC_ISA_USAGE = YES_ERROR;
				CLANG_WARN_DOCUMENTATION_COMMENTS = YES;
				CLANG_WARN_EMPTY_BODY = YES;
				CLANG_WARN_ENUM_CONVERSION = YES;
				CLANG_WARN_INFINITE_RECURSION = YES;
				CLANG_WARN_INT_CONVERSION = YES;
				CLANG_WARN_NON_LITERAL_NULL_CONVERSION = YES;
				CLANG_WARN_OBJC_IMPLICIT_RETAIN_SELF = YES;
				CLANG_WARN_OBJC_LITERAL_CONVERSION = YES;
				CLANG_WARN_OBJC_ROOT_CLASS = YES_ERROR;
				CLANG_WARN_QUOTED_INCLUDE_IN_FRAMEWORK_HEADER = YES;
				CLANG_WARN_RANGE_LOOP_ANALYSIS = YES;
				CLANG_WARN_STRICT_PROTOTYPES = YES;
				CLANG_WARN_SUSPICIOUS_MOVE = YES;
				CLANG_WARN_UNGUARDED_AVAILABILITY = YES_AGGRESSIVE;
				CLANG_WARN_UNREACHABLE_CODE = YES;
				CLANG_WARN__DUPLICATE_METHOD_MATCH = YES;
				COPY_PHASE_STRIP = NO;
				DEBUG_INFORMATION_FORMAT = "dwarf-with-dsym";
				ENABLE_NS_ASSERTIONS = NO;
				ENABLE_STRICT_OBJC_MSGSEND = YES;
				ENABLE_USER_SCRIPT_SANDBOXING = YES;
				GCC_C_LANGUAGE_STANDARD = gnu17;
				GCC_NO_COMMON_BLOCKS = YES;
				GCC_WARN_64_TO_32_BIT_CONVERSION = YES;
				GCC_WARN_ABOUT_RETURN_TYPE = YES_ERROR;
				GCC_WARN_UNDECLARED_SELECTOR = YES;
				GCC_WARN_UNINITIALIZED_AUTOS = YES_AGGRESSIVE;
				GCC_WARN_UNUSED_FUNCTION = YES;
				GCC_WARN_UNUSED_VARIABLE = YES;
				IPHONEOS_DEPLOYMENT_TARGET = 18.4;
				LOCALIZATION_PREFERS_STRING_CATALOGS = YES;
				MTL_ENABLE_DEBUG_INFO = NO;
				MTL_FAST_MATH = YES;
				SDKROOT = iphoneos;
				SWIFT_COMPILATION_MODE = wholemodule;
				VALIDATE_PRODUCT = YES;
			};
			name = Release;
		};
		544A07042DDD5A380052AD62 /* Debug */ = {
			isa = XCBuildConfiguration;
			buildSettings = {
				ASSETCATALOG_COMPILER_APPICON_NAME = AppIcon;
				ASSETCATALOG_COMPILER_GLOBAL_ACCENT_COLOR_NAME = AccentColor;
				CODE_SIGN_IDENTITY = "Apple Development";
				CODE_SIGN_STYLE = Automatic;
				CURRENT_PROJECT_VERSION = 1;
				DEVELOPMENT_TEAM = 9G873JNL7X;
				ENABLE_PREVIEWS = YES;
				GENERATE_INFOPLIST_FILE = YES;
				INFOPLIST_FILE = IntelliCampus/Info.plist;
				INFOPLIST_KEY_CFBundleDisplayName = IntelliCampus;
				INFOPLIST_KEY_LSApplicationCategoryType = "public.app-category.education";
				INFOPLIST_KEY_UIApplicationSceneManifest_Generation = YES;
				INFOPLIST_KEY_UIApplicationSupportsIndirectInputEvents = YES;
				INFOPLIST_KEY_UILaunchScreen_Generation = YES;
				INFOPLIST_KEY_UISupportedInterfaceOrientations_iPad = "UIInterfaceOrientationPortrait UIInterfaceOrientationPortraitUpsideDown UIInterfaceOrientationLandscapeLeft UIInterfaceOrientationLandscapeRight";
				INFOPLIST_KEY_UISupportedInterfaceOrientations_iPhone = "UIInterfaceOrientationPortrait UIInterfaceOrientationLandscapeLeft UIInterfaceOrientationLandscapeRight";
				LD_RUNPATH_SEARCH_PATHS = (
					"$(inherited)",
					"@executable_path/Frameworks",
				);
				MARKETING_VERSION = 1.0;
				PRODUCT_BUNDLE_IDENTIFIER = dev.gourishankar.IntelliCampus;
				PRODUCT_NAME = "$(TARGET_NAME)";
				PROVISIONING_PROFILE_SPECIFIER = "";
				SWIFT_EMIT_LOC_STRINGS = YES;
				SWIFT_VERSION = 5.0;
				TARGETED_DEVICE_FAMILY = "1,2";
			};
			name = Debug;
		};
		544A07052DDD5A380052AD62 /* Release */ = {
			isa = XCBuildConfiguration;
			buildSettings = {
				ASSETCATALOG_COMPILER_APPICON_NAME = AppIcon;
				ASSETCATALOG_COMPILER_GLOBAL_ACCENT_COLOR_NAME = AccentColor;
				CODE_SIGN_IDENTITY = "Apple Development";
				CODE_SIGN_STYLE = Automatic;
				CURRENT_PROJECT_VERSION = 1;
				DEVELOPMENT_TEAM = 9G873JNL7X;
				ENABLE_PREVIEWS = YES;
				GENERATE_INFOPLIST_FILE = YES;
				INFOPLIST_FILE = IntelliCampus/Info.plist;
				INFOPLIST_KEY_CFBundleDisplayName = IntelliCampus;
				INFOPLIST_KEY_LSApplicationCategoryType = "public.app-category.education";
				INFOPLIST_KEY_UIApplicationSceneManifest_Generation = YES;
				INFOPLIST_KEY_UIApplicationSupportsIndirectInputEvents = YES;
				INFOPLIST_KEY_UILaunchScreen_Generation = YES;
				INFOPLIST_KEY_UISupportedInterfaceOrientations_iPad = "UIInterfaceOrientationPortrait UIInterfaceOrientationPortraitUpsideDown UIInterfaceOrientationLandscapeLeft UIInterfaceOrientationLandscapeRight";
				INFOPLIST_KEY_UISupportedInterfaceOrientations_iPhone = "UIInterfaceOrientationPortrait UIInterfaceOrientationLandscapeLeft UIInterfaceOrientationLandscapeRight";
				LD_RUNPATH_SEARCH_PATHS = (
					"$(inherited)",
					"@executable_path/Frameworks",
				);
				MARKETING_VERSION = 1.0;
				PRODUCT_BUNDLE_IDENTIFIER = dev.gourishankar.IntelliCampus;
				PRODUCT_NAME = "$(TARGET_NAME)";
				PROVISIONING_PROFILE_SPECIFIER = "";
				SWIFT_EMIT_LOC_STRINGS = YES;
				SWIFT_VERSION = 5.0;
				TARGETED_DEVICE_FAMILY = "1,2";
			};
			name = Release;
		};
		544A07072DDD5A380052AD62 /* Debug */ = {
			isa = XCBuildConfiguration;
			buildSettings = {
				BUNDLE_LOADER = "$(TEST_HOST)";
				CODE_SIGN_STYLE = Automatic;
				CURRENT_PROJECT_VERSION = 1;
				GENERATE_INFOPLIST_FILE = YES;
				IPHONEOS_DEPLOYMENT_TARGET = 18.4;
				MARKETING_VERSION = 1.0;
				PRODUCT_BUNDLE_IDENTIFIER = dev.gourishankar.IntelliCampusTests;
				PRODUCT_NAME = "$(TARGET_NAME)";
				SWIFT_EMIT_LOC_STRINGS = NO;
				SWIFT_VERSION = 5.0;
				TARGETED_DEVICE_FAMILY = "1,2";
				TEST_HOST = "$(BUILT_PRODUCTS_DIR)/IntelliCampus.app/$(BUNDLE_EXECUTABLE_FOLDER_PATH)/IntelliCampus";
			};
			name = Debug;
		};
		544A07082DDD5A380052AD62 /* Release */ = {
			isa = XCBuildConfiguration;
			buildSettings = {
				BUNDLE_LOADER = "$(TEST_HOST)";
				CODE_SIGN_STYLE = Automatic;
				CURRENT_PROJECT_VERSION = 1;
				GENERATE_INFOPLIST_FILE = YES;
				IPHONEOS_DEPLOYMENT_TARGET = 18.4;
				MARKETING_VERSION = 1.0;
				PRODUCT_BUNDLE_IDENTIFIER = dev.gourishankar.IntelliCampusTests;
				PRODUCT_NAME = "$(TARGET_NAME)";
				SWIFT_EMIT_LOC_STRINGS = NO;
				SWIFT_VERSION = 5.0;
				TARGETED_DEVICE_FAMILY = "1,2";
				TEST_HOST = "$(BUILT_PRODUCTS_DIR)/IntelliCampus.app/$(BUNDLE_EXECUTABLE_FOLDER_PATH)/IntelliCampus";
			};
			name = Release;
		};
		544A070A2DDD5A380052AD62 /* Debug */ = {
			isa = XCBuildConfiguration;
			buildSettings = {
				CODE_SIGN_STYLE = Automatic;
				CURRENT_PROJECT_VERSION = 1;
				GENERATE_INFOPLIST_FILE = YES;
				MARKETING_VERSION = 1.0;
				PRODUCT_BUNDLE_IDENTIFIER = dev.gourishankar.IntelliCampusUITests;
				PRODUCT_NAME = "$(TARGET_NAME)";
				SWIFT_EMIT_LOC_STRINGS = NO;
				SWIFT_VERSION = 5.0;
				TARGETED_DEVICE_FAMILY = "1,2";
				TEST_TARGET_NAME = IntelliCampus;
			};
			name = Debug;
		};
		544A070B2DDD5A380052AD62 /* Release */ = {
			isa = XCBuildConfiguration;
			buildSettings = {
				CODE_SIGN_STYLE = Automatic;
				CURRENT_PROJECT_VERSION = 1;
				GENERATE_INFOPLIST_FILE = YES;
				MARKETING_VERSION = 1.0;
				PRODUCT_BUNDLE_IDENTIFIER = dev.gourishankar.IntelliCampusUITests;
				PRODUCT_NAME = "$(TARGET_NAME)";
				SWIFT_EMIT_LOC_STRINGS = NO;
				SWIFT_VERSION = 5.0;
				TARGETED_DEVICE_FAMILY = "1,2";
				TEST_TARGET_NAME = IntelliCampus;
			};
			name = Release;
		};
/* End XCBuildConfiguration section */

/* Begin XCConfigurationList section */
		544A06DD2DDD5A360052AD62 /* Build configuration list for PBXProject "IntelliCampus" */ = {
			isa = XCConfigurationList;
			buildConfigurations = (
				544A07012DDD5A380052AD62 /* Debug */,
				544A07022DDD5A380052AD62 /* Release */,
			);
			defaultConfigurationIsVisible = 0;
			defaultConfigurationName = Release;
		};
		544A07032DDD5A380052AD62 /* Build configuration list for PBXNativeTarget "IntelliCampus" */ = {
			isa = XCConfigurationList;
			buildConfigurations = (
				544A07042DDD5A380052AD62 /* Debug */,
				544A07052DDD5A380052AD62 /* Release */,
			);
			defaultConfigurationIsVisible = 0;
			defaultConfigurationName = Release;
		};
		544A07062DDD5A380052AD62 /* Build configuration list for PBXNativeTarget "IntelliCampusTests" */ = {
			isa = XCConfigurationList;
			buildConfigurations = (
				544A07072DDD5A380052AD62 /* Debug */,
				544A07082DDD5A380052AD62 /* Release */,
			);
			defaultConfigurationIsVisible = 0;
			defaultConfigurationName = Release;
		};
		544A07092DDD5A380052AD62 /* Build configuration list for PBXNativeTarget "IntelliCampusUITests" */ = {
			isa = XCConfigurationList;
			buildConfigurations = (
				544A070A2DDD5A380052AD62 /* Debug */,
				544A070B2DDD5A380052AD62 /* Release */,
			);
			defaultConfigurationIsVisible = 0;
			defaultConfigurationName = Release;
		};
/* End XCConfigurationList section */

/* Begin XCRemoteSwiftPackageReference section */
		5449AD682DDF082200B2AA9C /* XCRemoteSwiftPackageReference "firebase-ios-sdk" */ = {
			isa = XCRemoteSwiftPackageReference;
			repositoryURL = "https://github.com/firebase/firebase-ios-sdk";
			requirement = {
				kind = upToNextMajorVersion;
				minimumVersion = 11.13.0;
			};
		};
		5449AD8E2DDF0D6C00B2AA9C /* XCRemoteSwiftPackageReference "GoogleSignIn-iOS" */ = {
			isa = XCRemoteSwiftPackageReference;
			repositoryURL = "https://github.com/google/GoogleSignIn-iOS.git";
			requirement = {
				kind = upToNextMajorVersion;
				minimumVersion = 8.0.0;
			};
		};
/* End XCRemoteSwiftPackageReference section */

/* Begin XCSwiftPackageProductDependency section */
		5413F49A2DDFCDCB00BBB110 /* FirebaseAnalytics */ = {
			isa = XCSwiftPackageProductDependency;
			package = 5449AD682DDF082200B2AA9C /* XCRemoteSwiftPackageReference "firebase-ios-sdk" */;
			productName = FirebaseAnalytics;
		};
		5449AD692DDF082200B2AA9C /* FirebaseAI */ = {
			isa = XCSwiftPackageProductDependency;
			package = 5449AD682DDF082200B2AA9C /* XCRemoteSwiftPackageReference "firebase-ios-sdk" */;
			productName = FirebaseAI;
		};
		5449AD6B2DDF082200B2AA9C /* FirebaseAuth */ = {
			isa = XCSwiftPackageProductDependency;
			package = 5449AD682DDF082200B2AA9C /* XCRemoteSwiftPackageReference "firebase-ios-sdk" */;
			productName = FirebaseAuth;
		};
		5449AD6D2DDF082200B2AA9C /* FirebaseCore */ = {
			isa = XCSwiftPackageProductDependency;
			package = 5449AD682DDF082200B2AA9C /* XCRemoteSwiftPackageReference "firebase-ios-sdk" */;
			productName = FirebaseCore;
		};
		5449AD6F2DDF082200B2AA9C /* FirebaseDatabase */ = {
			isa = XCSwiftPackageProductDependency;
			package = 5449AD682DDF082200B2AA9C /* XCRemoteSwiftPackageReference "firebase-ios-sdk" */;
			productName = FirebaseDatabase;
		};
		5449AD712DDF082200B2AA9C /* FirebaseFirestore */ = {
			isa = XCSwiftPackageProductDependency;
			package = 5449AD682DDF082200B2AA9C /* XCRemoteSwiftPackageReference "firebase-ios-sdk" */;
			productName = FirebaseFirestore;
		};
		5449AD732DDF082200B2AA9C /* FirebaseFirestoreCombine-Community */ = {
			isa = XCSwiftPackageProductDependency;
			package = 5449AD682DDF082200B2AA9C /* XCRemoteSwiftPackageReference "firebase-ios-sdk" */;
			productName = "FirebaseFirestoreCombine-Community";
		};
		5449AD752DDF082200B2AA9C /* FirebaseFunctions */ = {
			isa = XCSwiftPackageProductDependency;
			package = 5449AD682DDF082200B2AA9C /* XCRemoteSwiftPackageReference "firebase-ios-sdk" */;
			productName = FirebaseFunctions;
		};
		5449AD772DDF082200B2AA9C /* FirebaseVertexAI */ = {
			isa = XCSwiftPackageProductDependency;
			package = 5449AD682DDF082200B2AA9C /* XCRemoteSwiftPackageReference "firebase-ios-sdk" */;
			productName = FirebaseVertexAI;
		};
		5449AD8F2DDF0D6C00B2AA9C /* GoogleSignIn */ = {
			isa = XCSwiftPackageProductDependency;
			package = 5449AD8E2DDF0D6C00B2AA9C /* XCRemoteSwiftPackageReference "GoogleSignIn-iOS" */;
			productName = GoogleSignIn;
		};
		5449AD912DDF0D6C00B2AA9C /* GoogleSignInSwift */ = {
			isa = XCSwiftPackageProductDependency;
			package = 5449AD8E2DDF0D6C00B2AA9C /* XCRemoteSwiftPackageReference "GoogleSignIn-iOS" */;
			productName = GoogleSignInSwift;
		};
/* End XCSwiftPackageProductDependency section */
	};
	rootObject = 544A06DA2DDD5A360052AD62 /* Project object */;
}
